// !$*UTF8*$!
{
	archiveVersion = 1;
	classes = {
	};
	objectVersion = 56;
	objects = {

/* Begin PBXBuildFile section */
		9048F1E92A793F85009FB438 /* ActivityIndicatorView in Frameworks */ = {isa = PBXBuildFile; productRef = 9048F1E82A793F85009FB438 /* ActivityIndicatorView */; };
		9048F1ED2A8275A1009FB438 /* FeaturesViewState.swift in Sources */ = {isa = PBXBuildFile; fileRef = 9048F1EC2A8275A1009FB438 /* FeaturesViewState.swift */; };
		9048F1F12A827CAB009FB438 /* FeatureObservableObject.swift in Sources */ = {isa = PBXBuildFile; fileRef = 9048F1F02A827CAB009FB438 /* FeatureObservableObject.swift */; };
		9048F1F32A8283DF009FB438 /* Coordinator.swift in Sources */ = {isa = PBXBuildFile; fileRef = 9048F1F22A8283DF009FB438 /* Coordinator.swift */; };
		9048F1FA2A8A67F7009FB438 /* Services.swift in Sources */ = {isa = PBXBuildFile; fileRef = 9048F1F92A8A67F7009FB438 /* Services.swift */; };
		9048F1FD2A8A6A94009FB438 /* FeatureDetailViewState.swift in Sources */ = {isa = PBXBuildFile; fileRef = 9048F1FC2A8A6A94009FB438 /* FeatureDetailViewState.swift */; };
		9048F1FF2A8A6B31009FB438 /* FeatureDetailView.swift in Sources */ = {isa = PBXBuildFile; fileRef = 9048F1FE2A8A6B31009FB438 /* FeatureDetailView.swift */; };
		9048F2012A8A6E44009FB438 /* Environment.swift in Sources */ = {isa = PBXBuildFile; fileRef = 9048F2002A8A6E44009FB438 /* Environment.swift */; };
		9048F2032A8A6E54009FB438 /* ObservableObjects.swift in Sources */ = {isa = PBXBuildFile; fileRef = 9048F2022A8A6E54009FB438 /* ObservableObjects.swift */; };
		9048F2072A8BB4FE009FB438 /* FeaturesService.swift in Sources */ = {isa = PBXBuildFile; fileRef = 9048F2062A8BB4FE009FB438 /* FeaturesService.swift */; };
		9048F20A2A8BBEDE009FB438 /* Features.swift in Sources */ = {isa = PBXBuildFile; fileRef = 9048F2092A8BBEDE009FB438 /* Features.swift */; };
		9048F20D2A96566E009FB438 /* IdentifiableCoordinate.swift in Sources */ = {isa = PBXBuildFile; fileRef = 9048F20C2A96566E009FB438 /* IdentifiableCoordinate.swift */; };
		9048F2102A96599C009FB438 /* MapView.swift in Sources */ = {isa = PBXBuildFile; fileRef = 9048F20F2A96599C009FB438 /* MapView.swift */; };
		90EB7E882A7002B6007FECDF /* Feature.swift in Sources */ = {isa = PBXBuildFile; fileRef = 90EB7E872A7002B6007FECDF /* Feature.swift */; };
		90EB7E8C2A700352007FECDF /* FeaturesView.swift in Sources */ = {isa = PBXBuildFile; fileRef = 90EB7E8B2A700352007FECDF /* FeaturesView.swift */; };
		90EB7E8E2A7004DD007FECDF /* FeatureRow.swift in Sources */ = {isa = PBXBuildFile; fileRef = 90EB7E8D2A7004DD007FECDF /* FeatureRow.swift */; };
		90EB7E922A7008CE007FECDF /* Kind.swift in Sources */ = {isa = PBXBuildFile; fileRef = 90EB7E912A7008CE007FECDF /* Kind.swift */; };
		90EB7E942A7008DA007FECDF /* Point.swift in Sources */ = {isa = PBXBuildFile; fileRef = 90EB7E932A7008DA007FECDF /* Point.swift */; };
		90EB7E962A7008E5007FECDF /* Properties.swift in Sources */ = {isa = PBXBuildFile; fileRef = 90EB7E952A7008E5007FECDF /* Properties.swift */; };
		90EB7E982A7008F0007FECDF /* PossibleKind.swift in Sources */ = {isa = PBXBuildFile; fileRef = 90EB7E972A7008F0007FECDF /* PossibleKind.swift */; };
		C05610492A5C78CA007FB970 /* DevAcademyApp.swift in Sources */ = {isa = PBXBuildFile; fileRef = C05610482A5C78CA007FB970 /* DevAcademyApp.swift */; };
		C056104B2A5C78CA007FB970 /* ContentView.swift in Sources */ = {isa = PBXBuildFile; fileRef = C056104A2A5C78CA007FB970 /* ContentView.swift */; };
		C056104D2A5C78CB007FB970 /* Assets.xcassets in Resources */ = {isa = PBXBuildFile; fileRef = C056104C2A5C78CB007FB970 /* Assets.xcassets */; };
		C05610502A5C78CB007FB970 /* Preview Assets.xcassets in Resources */ = {isa = PBXBuildFile; fileRef = C056104F2A5C78CB007FB970 /* Preview Assets.xcassets */; };
/* End PBXBuildFile section */

/* Begin PBXFileReference section */
		9048F1EC2A8275A1009FB438 /* FeaturesViewState.swift */ = {isa = PBXFileReference; lastKnownFileType = sourcecode.swift; path = FeaturesViewState.swift; sourceTree = "<group>"; };
		9048F1F02A827CAB009FB438 /* FeatureObservableObject.swift */ = {isa = PBXFileReference; lastKnownFileType = sourcecode.swift; path = FeatureObservableObject.swift; sourceTree = "<group>"; };
		9048F1F22A8283DF009FB438 /* Coordinator.swift */ = {isa = PBXFileReference; lastKnownFileType = sourcecode.swift; path = Coordinator.swift; sourceTree = "<group>"; };
		9048F1F92A8A67F7009FB438 /* Services.swift */ = {isa = PBXFileReference; lastKnownFileType = sourcecode.swift; path = Services.swift; sourceTree = "<group>"; };
		9048F1FC2A8A6A94009FB438 /* FeatureDetailViewState.swift */ = {isa = PBXFileReference; lastKnownFileType = sourcecode.swift; path = FeatureDetailViewState.swift; sourceTree = "<group>"; };
		9048F1FE2A8A6B31009FB438 /* FeatureDetailView.swift */ = {isa = PBXFileReference; lastKnownFileType = sourcecode.swift; path = FeatureDetailView.swift; sourceTree = "<group>"; };
		9048F2002A8A6E44009FB438 /* Environment.swift */ = {isa = PBXFileReference; lastKnownFileType = sourcecode.swift; path = Environment.swift; sourceTree = "<group>"; };
		9048F2022A8A6E54009FB438 /* ObservableObjects.swift */ = {isa = PBXFileReference; lastKnownFileType = sourcecode.swift; path = ObservableObjects.swift; sourceTree = "<group>"; };
		9048F2062A8BB4FE009FB438 /* FeaturesService.swift */ = {isa = PBXFileReference; lastKnownFileType = sourcecode.swift; path = FeaturesService.swift; sourceTree = "<group>"; };
		9048F2092A8BBEDE009FB438 /* Features.swift */ = {isa = PBXFileReference; lastKnownFileType = sourcecode.swift; path = Features.swift; sourceTree = "<group>"; };
		9048F20C2A96566E009FB438 /* IdentifiableCoordinate.swift */ = {isa = PBXFileReference; lastKnownFileType = sourcecode.swift; path = IdentifiableCoordinate.swift; sourceTree = "<group>"; };
		9048F20F2A96599C009FB438 /* MapView.swift */ = {isa = PBXFileReference; lastKnownFileType = sourcecode.swift; path = MapView.swift; sourceTree = "<group>"; };
		90EB7E872A7002B6007FECDF /* Feature.swift */ = {isa = PBXFileReference; lastKnownFileType = sourcecode.swift; path = Feature.swift; sourceTree = "<group>"; };
		90EB7E8B2A700352007FECDF /* FeaturesView.swift */ = {isa = PBXFileReference; lastKnownFileType = sourcecode.swift; path = FeaturesView.swift; sourceTree = "<group>"; };
		90EB7E8D2A7004DD007FECDF /* FeatureRow.swift */ = {isa = PBXFileReference; lastKnownFileType = sourcecode.swift; path = FeatureRow.swift; sourceTree = "<group>"; };
		90EB7E912A7008CE007FECDF /* Kind.swift */ = {isa = PBXFileReference; lastKnownFileType = sourcecode.swift; path = Kind.swift; sourceTree = "<group>"; };
		90EB7E932A7008DA007FECDF /* Point.swift */ = {isa = PBXFileReference; lastKnownFileType = sourcecode.swift; path = Point.swift; sourceTree = "<group>"; };
		90EB7E952A7008E5007FECDF /* Properties.swift */ = {isa = PBXFileReference; lastKnownFileType = sourcecode.swift; path = Properties.swift; sourceTree = "<group>"; };
		90EB7E972A7008F0007FECDF /* PossibleKind.swift */ = {isa = PBXFileReference; lastKnownFileType = sourcecode.swift; path = PossibleKind.swift; sourceTree = "<group>"; };
		C05610452A5C78CA007FB970 /* DevAcademy.app */ = {isa = PBXFileReference; explicitFileType = wrapper.application; includeInIndex = 0; path = DevAcademy.app; sourceTree = BUILT_PRODUCTS_DIR; };
		C05610482A5C78CA007FB970 /* DevAcademyApp.swift */ = {isa = PBXFileReference; lastKnownFileType = sourcecode.swift; path = DevAcademyApp.swift; sourceTree = "<group>"; };
		C056104A2A5C78CA007FB970 /* ContentView.swift */ = {isa = PBXFileReference; lastKnownFileType = sourcecode.swift; path = ContentView.swift; sourceTree = "<group>"; };
		C056104C2A5C78CB007FB970 /* Assets.xcassets */ = {isa = PBXFileReference; lastKnownFileType = folder.assetcatalog; path = Assets.xcassets; sourceTree = "<group>"; };
		C056104F2A5C78CB007FB970 /* Preview Assets.xcassets */ = {isa = PBXFileReference; lastKnownFileType = folder.assetcatalog; path = "Preview Assets.xcassets"; sourceTree = "<group>"; };
/* End PBXFileReference section */

/* Begin PBXFrameworksBuildPhase section */
		C05610422A5C78CA007FB970 /* Frameworks */ = {
			isa = PBXFrameworksBuildPhase;
			buildActionMask = 2147483647;
			files = (
				9048F1E92A793F85009FB438 /* ActivityIndicatorView in Frameworks */,
			);
			runOnlyForDeploymentPostprocessing = 0;
		};
/* End PBXFrameworksBuildPhase section */

/* Begin PBXGroup section */
		9048F1EE2A827915009FB438 /* Environment */ = {
			isa = PBXGroup;
			children = (
				9048F1EF2A827C73009FB438 /* ObservableObjects */,
				9048F1F22A8283DF009FB438 /* Coordinator.swift */,
				9048F2002A8A6E44009FB438 /* Environment.swift */,
				9048F2022A8A6E54009FB438 /* ObservableObjects.swift */,
			);
			path = Environment;
			sourceTree = "<group>";
		};
		9048F1EF2A827C73009FB438 /* ObservableObjects */ = {
			isa = PBXGroup;
			children = (
				9048F1F02A827CAB009FB438 /* FeatureObservableObject.swift */,
			);
			path = ObservableObjects;
			sourceTree = "<group>";
		};
		9048F1F72A8A6775009FB438 /* PlacesDetail */ = {
			isa = PBXGroup;
			children = (
				9048F1FC2A8A6A94009FB438 /* FeatureDetailViewState.swift */,
				9048F1FE2A8A6B31009FB438 /* FeatureDetailView.swift */,
			);
			path = PlacesDetail;
			sourceTree = "<group>";
		};
		9048F1F82A8A6781009FB438 /* Services */ = {
			isa = PBXGroup;
			children = (
				9048F1F92A8A67F7009FB438 /* Services.swift */,
				9048F2062A8BB4FE009FB438 /* FeaturesService.swift */,
			);
			path = Services;
			sourceTree = "<group>";
		};
		9048F20E2A96598C009FB438 /* Views */ = {
			isa = PBXGroup;
			children = (
				9048F20F2A96599C009FB438 /* MapView.swift */,
			);
			path = Views;
			sourceTree = "<group>";
		};
		9048F2112AA497C5009FB438 /* Library */ = {
			isa = PBXGroup;
			children = (
				9048F20E2A96598C009FB438 /* Views */,
			);
			path = Library;
			sourceTree = "<group>";
		};
		90EB7E852A700279007FECDF /* Model */ = {
			isa = PBXGroup;
			children = (
				90EB7E872A7002B6007FECDF /* Feature.swift */,
				90EB7E912A7008CE007FECDF /* Kind.swift */,
				90EB7E932A7008DA007FECDF /* Point.swift */,
				90EB7E952A7008E5007FECDF /* Properties.swift */,
				90EB7E972A7008F0007FECDF /* PossibleKind.swift */,
				9048F2092A8BBEDE009FB438 /* Features.swift */,
				9048F20C2A96566E009FB438 /* IdentifiableCoordinate.swift */,
			);
			path = Model;
			sourceTree = "<group>";
		};
		90EB7E862A70028B007FECDF /* Scenes */ = {
			isa = PBXGroup;
			children = (
				9048F1F72A8A6775009FB438 /* PlacesDetail */,
				90EB7E892A7002D2007FECDF /* Places */,
			);
			path = Scenes;
			sourceTree = "<group>";
		};
		90EB7E892A7002D2007FECDF /* Places */ = {
			isa = PBXGroup;
			children = (
				90EB7E8B2A700352007FECDF /* FeaturesView.swift */,
				90EB7E8D2A7004DD007FECDF /* FeatureRow.swift */,
				9048F1EC2A8275A1009FB438 /* FeaturesViewState.swift */,
			);
			path = Places;
			sourceTree = "<group>";
		};
		C056103C2A5C78CA007FB970 = {
			isa = PBXGroup;
			children = (
				C05610472A5C78CA007FB970 /* DevAcademy */,
				C05610462A5C78CA007FB970 /* Products */,
			);
			sourceTree = "<group>";
		};
		C05610462A5C78CA007FB970 /* Products */ = {
			isa = PBXGroup;
			children = (
				C05610452A5C78CA007FB970 /* DevAcademy.app */,
			);
			name = Products;
			sourceTree = "<group>";
		};
		C05610472A5C78CA007FB970 /* DevAcademy */ = {
			isa = PBXGroup;
			children = (
				9048F2112AA497C5009FB438 /* Library */,
				9048F1F82A8A6781009FB438 /* Services */,
				9048F1EE2A827915009FB438 /* Environment */,
				90EB7E862A70028B007FECDF /* Scenes */,
				90EB7E852A700279007FECDF /* Model */,
				C05610482A5C78CA007FB970 /* DevAcademyApp.swift */,
				C056104A2A5C78CA007FB970 /* ContentView.swift */,
				C056104C2A5C78CB007FB970 /* Assets.xcassets */,
				C056104E2A5C78CB007FB970 /* Preview Content */,
			);
			path = DevAcademy;
			sourceTree = "<group>";
		};
		C056104E2A5C78CB007FB970 /* Preview Content */ = {
			isa = PBXGroup;
			children = (
				C056104F2A5C78CB007FB970 /* Preview Assets.xcassets */,
			);
			path = "Preview Content";
			sourceTree = "<group>";
		};
/* End PBXGroup section */

/* Begin PBXNativeTarget section */
		C05610442A5C78CA007FB970 /* DevAcademy */ = {
			isa = PBXNativeTarget;
			buildConfigurationList = C05610532A5C78CB007FB970 /* Build configuration list for PBXNativeTarget "DevAcademy" */;
			buildPhases = (
				C05610412A5C78CA007FB970 /* Sources */,
				C05610422A5C78CA007FB970 /* Frameworks */,
				C05610432A5C78CA007FB970 /* Resources */,
			);
			buildRules = (
			);
			dependencies = (
			);
			name = DevAcademy;
			packageProductDependencies = (
				9048F1E82A793F85009FB438 /* ActivityIndicatorView */,
			);
			productName = DevAcademy;
			productReference = C05610452A5C78CA007FB970 /* DevAcademy.app */;
			productType = "com.apple.product-type.application";
		};
/* End PBXNativeTarget section */

/* Begin PBXProject section */
		C056103D2A5C78CA007FB970 /* Project object */ = {
			isa = PBXProject;
			attributes = {
				BuildIndependentTargetsInParallel = 1;
				LastSwiftUpdateCheck = 1430;
				LastUpgradeCheck = 1430;
				TargetAttributes = {
					C05610442A5C78CA007FB970 = {
						CreatedOnToolsVersion = 14.3.1;
					};
				};
			};
			buildConfigurationList = C05610402A5C78CA007FB970 /* Build configuration list for PBXProject "DevAcademy" */;
			compatibilityVersion = "Xcode 14.0";
			developmentRegion = en;
			hasScannedForEncodings = 0;
			knownRegions = (
				en,
				Base,
			);
			mainGroup = C056103C2A5C78CA007FB970;
			packageReferences = (
				9048F1E72A793F84009FB438 /* XCRemoteSwiftPackageReference "ActivityIndicatorView" */,
			);
			productRefGroup = C05610462A5C78CA007FB970 /* Products */;
			projectDirPath = "";
			projectRoot = "";
			targets = (
				C05610442A5C78CA007FB970 /* DevAcademy */,
			);
		};
/* End PBXProject section */

/* Begin PBXResourcesBuildPhase section */
		C05610432A5C78CA007FB970 /* Resources */ = {
			isa = PBXResourcesBuildPhase;
			buildActionMask = 2147483647;
			files = (
				C05610502A5C78CB007FB970 /* Preview Assets.xcassets in Resources */,
				C056104D2A5C78CB007FB970 /* Assets.xcassets in Resources */,
			);
			runOnlyForDeploymentPostprocessing = 0;
		};
/* End PBXResourcesBuildPhase section */

/* Begin PBXSourcesBuildPhase section */
		C05610412A5C78CA007FB970 /* Sources */ = {
			isa = PBXSourcesBuildPhase;
			buildActionMask = 2147483647;
			files = (
				90EB7E882A7002B6007FECDF /* Feature.swift in Sources */,
				90EB7E982A7008F0007FECDF /* PossibleKind.swift in Sources */,
				C056104B2A5C78CA007FB970 /* ContentView.swift in Sources */,
				9048F1ED2A8275A1009FB438 /* FeaturesViewState.swift in Sources */,
				9048F20A2A8BBEDE009FB438 /* Features.swift in Sources */,
				9048F1F12A827CAB009FB438 /* FeatureObservableObject.swift in Sources */,
				9048F2072A8BB4FE009FB438 /* FeaturesService.swift in Sources */,
				9048F2102A96599C009FB438 /* MapView.swift in Sources */,
				9048F20D2A96566E009FB438 /* IdentifiableCoordinate.swift in Sources */,
				9048F1F32A8283DF009FB438 /* Coordinator.swift in Sources */,
				90EB7E922A7008CE007FECDF /* Kind.swift in Sources */,
				9048F2032A8A6E54009FB438 /* ObservableObjects.swift in Sources */,
				9048F1FF2A8A6B31009FB438 /* FeatureDetailView.swift in Sources */,
				C05610492A5C78CA007FB970 /* DevAcademyApp.swift in Sources */,
				90EB7E942A7008DA007FECDF /* Point.swift in Sources */,
				9048F1FA2A8A67F7009FB438 /* Services.swift in Sources */,
				90EB7E8E2A7004DD007FECDF /* FeatureRow.swift in Sources */,
				9048F1FD2A8A6A94009FB438 /* FeatureDetailViewState.swift in Sources */,
				90EB7E962A7008E5007FECDF /* Properties.swift in Sources */,
				90EB7E8C2A700352007FECDF /* FeaturesView.swift in Sources */,
				9048F2012A8A6E44009FB438 /* Environment.swift in Sources */,
			);
			runOnlyForDeploymentPostprocessing = 0;
		};
/* End PBXSourcesBuildPhase section */

/* Begin XCBuildConfiguration section */
		C05610512A5C78CB007FB970 /* Debug */ = {
			isa = XCBuildConfiguration;
			buildSettings = {
				ALWAYS_SEARCH_USER_PATHS = NO;
				CLANG_ANALYZER_NONNULL = YES;
				CLANG_ANALYZER_NUMBER_OBJECT_CONVERSION = YES_AGGRESSIVE;
				CLANG_CXX_LANGUAGE_STANDARD = "gnu++20";
				CLANG_ENABLE_MODULES = YES;
				CLANG_ENABLE_OBJC_ARC = YES;
				CLANG_ENABLE_OBJC_WEAK = YES;
				CLANG_WARN_BLOCK_CAPTURE_AUTORELEASING = YES;
				CLANG_WARN_BOOL_CONVERSION = YES;
				CLANG_WARN_COMMA = YES;
				CLANG_WARN_CONSTANT_CONVERSION = YES;
				CLANG_WARN_DEPRECATED_OBJC_IMPLEMENTATIONS = YES;
				CLANG_WARN_DIRECT_OBJC_ISA_USAGE = YES_ERROR;
				CLANG_WARN_DOCUMENTATION_COMMENTS = YES;
				CLANG_WARN_EMPTY_BODY = YES;
				CLANG_WARN_ENUM_CONVERSION = YES;
				CLANG_WARN_INFINITE_RECURSION = YES;
				CLANG_WARN_INT_CONVERSION = YES;
				CLANG_WARN_NON_LITERAL_NULL_CONVERSION = YES;
				CLANG_WARN_OBJC_IMPLICIT_RETAIN_SELF = YES;
				CLANG_WARN_OBJC_LITERAL_CONVERSION = YES;
				CLANG_WARN_OBJC_ROOT_CLASS = YES_ERROR;
				CLANG_WARN_QUOTED_INCLUDE_IN_FRAMEWORK_HEADER = YES;
				CLANG_WARN_RANGE_LOOP_ANALYSIS = YES;
				CLANG_WARN_STRICT_PROTOTYPES = YES;
				CLANG_WARN_SUSPICIOUS_MOVE = YES;
				CLANG_WARN_UNGUARDED_AVAILABILITY = YES_AGGRESSIVE;
				CLANG_WARN_UNREACHABLE_CODE = YES;
				CLANG_WARN__DUPLICATE_METHOD_MATCH = YES;
				COPY_PHASE_STRIP = NO;
				DEBUG_INFORMATION_FORMAT = dwarf;
				ENABLE_STRICT_OBJC_MSGSEND = YES;
				ENABLE_TESTABILITY = YES;
				GCC_C_LANGUAGE_STANDARD = gnu11;
				GCC_DYNAMIC_NO_PIC = NO;
				GCC_NO_COMMON_BLOCKS = YES;
				GCC_OPTIMIZATION_LEVEL = 0;
				GCC_PREPROCESSOR_DEFINITIONS = (
					"DEBUG=1",
					"$(inherited)",
				);
				GCC_WARN_64_TO_32_BIT_CONVERSION = YES;
				GCC_WARN_ABOUT_RETURN_TYPE = YES_ERROR;
				GCC_WARN_UNDECLARED_SELECTOR = YES;
				GCC_WARN_UNINITIALIZED_AUTOS = YES_AGGRESSIVE;
				GCC_WARN_UNUSED_FUNCTION = YES;
				GCC_WARN_UNUSED_VARIABLE = YES;
				IPHONEOS_DEPLOYMENT_TARGET = 16.0;
				MTL_ENABLE_DEBUG_INFO = INCLUDE_SOURCE;
				MTL_FAST_MATH = YES;
				ONLY_ACTIVE_ARCH = YES;
				SDKROOT = iphoneos;
				SWIFT_ACTIVE_COMPILATION_CONDITIONS = DEBUG;
				SWIFT_OPTIMIZATION_LEVEL = "-Onone";
			};
			name = Debug;
		};
		C05610522A5C78CB007FB970 /* Release */ = {
			isa = XCBuildConfiguration;
			buildSettings = {
				ALWAYS_SEARCH_USER_PATHS = NO;
				CLANG_ANALYZER_NONNULL = YES;
				CLANG_ANALYZER_NUMBER_OBJECT_CONVERSION = YES_AGGRESSIVE;
				CLANG_CXX_LANGUAGE_STANDARD = "gnu++20";
				CLANG_ENABLE_MODULES = YES;
				CLANG_ENABLE_OBJC_ARC = YES;
				CLANG_ENABLE_OBJC_WEAK = YES;
				CLANG_WARN_BLOCK_CAPTURE_AUTORELEASING = YES;
				CLANG_WARN_BOOL_CONVERSION = YES;
				CLANG_WARN_COMMA = YES;
				CLANG_WARN_CONSTANT_CONVERSION = YES;
				CLANG_WARN_DEPRECATED_OBJC_IMPLEMENTATIONS = YES;
				CLANG_WARN_DIRECT_OBJC_ISA_USAGE = YES_ERROR;
				CLANG_WARN_DOCUMENTATION_COMMENTS = YES;
				CLANG_WARN_EMPTY_BODY = YES;
				CLANG_WARN_ENUM_CONVERSION = YES;
				CLANG_WARN_INFINITE_RECURSION = YES;
				CLANG_WARN_INT_CONVERSION = YES;
				CLANG_WARN_NON_LITERAL_NULL_CONVERSION = YES;
				CLANG_WARN_OBJC_IMPLICIT_RETAIN_SELF = YES;
				CLANG_WARN_OBJC_LITERAL_CONVERSION = YES;
				CLANG_WARN_OBJC_ROOT_CLASS = YES_ERROR;
				CLANG_WARN_QUOTED_INCLUDE_IN_FRAMEWORK_HEADER = YES;
				CLANG_WARN_RANGE_LOOP_ANALYSIS = YES;
				CLANG_WARN_STRICT_PROTOTYPES = YES;
				CLANG_WARN_SUSPICIOUS_MOVE = YES;
				CLANG_WARN_UNGUARDED_AVAILABILITY = YES_AGGRESSIVE;
				CLANG_WARN_UNREACHABLE_CODE = YES;
				CLANG_WARN__DUPLICATE_METHOD_MATCH = YES;
				COPY_PHASE_STRIP = NO;
				DEBUG_INFORMATION_FORMAT = "dwarf-with-dsym";
				ENABLE_NS_ASSERTIONS = NO;
				ENABLE_STRICT_OBJC_MSGSEND = YES;
				GCC_C_LANGUAGE_STANDARD = gnu11;
				GCC_NO_COMMON_BLOCKS = YES;
				GCC_WARN_64_TO_32_BIT_CONVERSION = YES;
				GCC_WARN_ABOUT_RETURN_TYPE = YES_ERROR;
				GCC_WARN_UNDECLARED_SELECTOR = YES;
				GCC_WARN_UNINITIALIZED_AUTOS = YES_AGGRESSIVE;
				GCC_WARN_UNUSED_FUNCTION = YES;
				GCC_WARN_UNUSED_VARIABLE = YES;
				IPHONEOS_DEPLOYMENT_TARGET = 16.0;
				MTL_ENABLE_DEBUG_INFO = NO;
				MTL_FAST_MATH = YES;
				SDKROOT = iphoneos;
				SWIFT_COMPILATION_MODE = wholemodule;
				SWIFT_OPTIMIZATION_LEVEL = "-O";
				VALIDATE_PRODUCT = YES;
			};
			name = Release;
		};
		C05610542A5C78CB007FB970 /* Debug */ = {
			isa = XCBuildConfiguration;
			buildSettings = {
				ASSETCATALOG_COMPILER_APPICON_NAME = AppIcon;
				ASSETCATALOG_COMPILER_GLOBAL_ACCENT_COLOR_NAME = AccentColor;
				CODE_SIGN_STYLE = Automatic;
				CURRENT_PROJECT_VERSION = 1;
				DEVELOPMENT_ASSET_PATHS = "\"DevAcademy/Preview Content\"";
				ENABLE_PREVIEWS = YES;
				GENERATE_INFOPLIST_FILE = YES;
				INFOPLIST_KEY_UIApplicationSceneManifest_Generation = YES;
				INFOPLIST_KEY_UIApplicationSupportsIndirectInputEvents = YES;
				INFOPLIST_KEY_UILaunchScreen_Generation = YES;
				INFOPLIST_KEY_UISupportedInterfaceOrientations_iPad = "UIInterfaceOrientationPortrait UIInterfaceOrientationPortraitUpsideDown UIInterfaceOrientationLandscapeLeft UIInterfaceOrientationLandscapeRight";
				INFOPLIST_KEY_UISupportedInterfaceOrientations_iPhone = "UIInterfaceOrientationPortrait UIInterfaceOrientationLandscapeLeft UIInterfaceOrientationLandscapeRight";
				IPHONEOS_DEPLOYMENT_TARGET = 16.0;
				LD_RUNPATH_SEARCH_PATHS = (
					"$(inherited)",
					"@executable_path/Frameworks",
				);
				MARKETING_VERSION = 1.0;
				PRODUCT_BUNDLE_IDENTIFIER = app.futured.DevAcademy;
				PRODUCT_NAME = "$(TARGET_NAME)";
				SWIFT_EMIT_LOC_STRINGS = YES;
				SWIFT_VERSION = 5.0;
				TARGETED_DEVICE_FAMILY = "1,2";
			};
			name = Debug;
		};
		C05610552A5C78CB007FB970 /* Release */ = {
			isa = XCBuildConfiguration;
			buildSettings = {
				ASSETCATALOG_COMPILER_APPICON_NAME = AppIcon;
				ASSETCATALOG_COMPILER_GLOBAL_ACCENT_COLOR_NAME = AccentColor;
				CODE_SIGN_STYLE = Automatic;
				CURRENT_PROJECT_VERSION = 1;
				DEVELOPMENT_ASSET_PATHS = "\"DevAcademy/Preview Content\"";
				ENABLE_PREVIEWS = YES;
				GENERATE_INFOPLIST_FILE = YES;
				INFOPLIST_KEY_UIApplicationSceneManifest_Generation = YES;
				INFOPLIST_KEY_UIApplicationSupportsIndirectInputEvents = YES;
				INFOPLIST_KEY_UILaunchScreen_Generation = YES;
				INFOPLIST_KEY_UISupportedInterfaceOrientations_iPad = "UIInterfaceOrientationPortrait UIInterfaceOrientationPortraitUpsideDown UIInterfaceOrientationLandscapeLeft UIInterfaceOrientationLandscapeRight";
				INFOPLIST_KEY_UISupportedInterfaceOrientations_iPhone = "UIInterfaceOrientationPortrait UIInterfaceOrientationLandscapeLeft UIInterfaceOrientationLandscapeRight";
				IPHONEOS_DEPLOYMENT_TARGET = 16.0;
				LD_RUNPATH_SEARCH_PATHS = (
					"$(inherited)",
					"@executable_path/Frameworks",
				);
				MARKETING_VERSION = 1.0;
				PRODUCT_BUNDLE_IDENTIFIER = app.futured.DevAcademy;
				PRODUCT_NAME = "$(TARGET_NAME)";
				SWIFT_EMIT_LOC_STRINGS = YES;
				SWIFT_VERSION = 5.0;
				TARGETED_DEVICE_FAMILY = "1,2";
			};
			name = Release;
		};
/* End XCBuildConfiguration section */

/* Begin XCConfigurationList section */
		C05610402A5C78CA007FB970 /* Build configuration list for PBXProject "DevAcademy" */ = {
			isa = XCConfigurationList;
			buildConfigurations = (
				C05610512A5C78CB007FB970 /* Debug */,
				C05610522A5C78CB007FB970 /* Release */,
			);
			defaultConfigurationIsVisible = 0;
			defaultConfigurationName = Release;
		};
		C05610532A5C78CB007FB970 /* Build configuration list for PBXNativeTarget "DevAcademy" */ = {
			isa = XCConfigurationList;
			buildConfigurations = (
				C05610542A5C78CB007FB970 /* Debug */,
				C05610552A5C78CB007FB970 /* Release */,
			);
			defaultConfigurationIsVisible = 0;
			defaultConfigurationName = Release;
		};
/* End XCConfigurationList section */

/* Begin XCRemoteSwiftPackageReference section */
		9048F1E72A793F84009FB438 /* XCRemoteSwiftPackageReference "ActivityIndicatorView" */ = {
			isa = XCRemoteSwiftPackageReference;
			repositoryURL = "https://github.com/exyte/ActivityIndicatorView.git";
			requirement = {
				kind = upToNextMajorVersion;
				minimumVersion = 1.0.0;
			};
		};
/* End XCRemoteSwiftPackageReference section */

/* Begin XCSwiftPackageProductDependency section */
		9048F1E82A793F85009FB438 /* ActivityIndicatorView */ = {
			isa = XCSwiftPackageProductDependency;
			package = 9048F1E72A793F84009FB438 /* XCRemoteSwiftPackageReference "ActivityIndicatorView" */;
			productName = ActivityIndicatorView;
		};
/* End XCSwiftPackageProductDependency section */
	};
	rootObject = C056103D2A5C78CA007FB970 /* Project object */;
}
